
Microsoft Visual Studio Solution File, Format Version 12.00
# Visual Studio Version 17
VisualStudioVersion = 17.3.32811.315
MinimumVisualStudioVersion = 10.0.40219.1
Project("{9A19103F-16F7-4668-BE54-9A1E7A4F7556}") = "Stub.Api", "src\Stub.Api\Stub.Api.csproj", "{969B2F70-A037-4799-BDD8-8AC70DDF62C1}"
EndProject
Project("{FAE04EC0-301F-11D3-BF4B-00C04F79EFBC}") = "Stub.Core", "src\Stub.Core\Stub.Core.csproj", "{910534CE-4293-4013-8AF9-387218348CB0}"
EndProject
Project("{FAE04EC0-301F-11D3-BF4B-00C04F79EFBC}") = "Stub.Persistence", "src\Stub.Persistence\Stub.Persistence.csproj", "{7CCF1174-A89F-4215-87E1-08857984AEC6}"
EndProject
Global
	GlobalSection(SolutionConfigurationPlatforms) = preSolution
		Debug|Any CPU = Debug|Any CPU
		Release|Any CPU = Release|Any CPU
	EndGlobalSection
	GlobalSection(ProjectConfigurationPlatforms) = postSolution
		{969B2F70-A037-4799-BDD8-8AC70DDF62C1}.Debug|Any CPU.ActiveCfg = Debug|Any CPU
		{969B2F70-A037-4799-BDD8-8AC70DDF62C1}.Debug|Any CPU.Build.0 = Debug|Any CPU
		{969B2F70-A037-4799-BDD8-8AC70DDF62C1}.Release|Any CPU.ActiveCfg = Release|Any CPU
		{969B2F70-A037-4799-BDD8-8AC70DDF62C1}.Release|Any CPU.Build.0 = Release|Any CPU
		{910534CE-4293-4013-8AF9-387218348CB0}.Debug|Any CPU.ActiveCfg = Debug|Any CPU
		{910534CE-4293-4013-8AF9-387218348CB0}.Debug|Any CPU.Build.0 = Debug|Any CPU
		{910534CE-4293-4013-8AF9-387218348CB0}.Release|Any CPU.ActiveCfg = Release|Any CPU
		{910534CE-4293-4013-8AF9-387218348CB0}.Release|Any CPU.Build.0 = Release|Any CPU
		{7CCF1174-A89F-4215-87E1-08857984AEC6}.Debug|Any CPU.ActiveCfg = Debug|Any CPU
		{7CCF1174-A89F-4215-87E1-08857984AEC6}.Debug|Any CPU.Build.0 = Debug|Any CPU
		{7CCF1174-A89F-4215-87E1-08857984AEC6}.Release|Any CPU.ActiveCfg = Release|Any CPU
		{7CCF1174-A89F-4215-87E1-08857984AEC6}.Release|Any CPU.Build.0 = Release|Any CPU
	EndGlobalSection
	GlobalSection(SolutionProperties) = preSolution
		HideSolutionNode = FALSE
	EndGlobalSection
	GlobalSection(ExtensibilityGlobals) = postSolution
		SolutionGuid = {E1B2D95B-CBA9-4545-802B-AAE7913729A9}
	EndGlobalSection
EndGlobal
